
Microsoft Visual Studio Solution File, Format Version 12.00
# Visual Studio Version 17
VisualStudioVersion = 17.13.35931.197
MinimumVisualStudioVersion = 10.0.40219.1
Project("{FAE04EC0-301F-11D3-BF4B-00C04F79EFBC}") = "MqttBroker", "MqttBroker\MqttBroker.csproj", "{041FB15E-8B5C-E0D3-118E-C534C3713BFE}"
EndProject
Project("{FAE04EC0-301F-11D3-BF4B-00C04F79EFBC}") = "MqttBroker.Web", "MqttBroker.Web\MqttBroker.Web.csproj", "{47E8FE23-BBCF-1805-1038-6E88345E775F}"
EndProject
Project("{FAE04EC0-301F-11D3-BF4B-00C04F79EFBC}") = "MqttBroker.Tests", "MqttBroker.Tests\MqttBroker.Tests.csproj", "{48646FA2-FAD5-4728-B37B-2E9A722ACA4D}"
EndProject
Project("{FAE04EC0-301F-11D3-BF4B-00C04F79EFBC}") = "MqttBroker.Benchmarks", "MqttBroker.Benchmarks\MqttBroker.Benchmarks.csproj", "{5732DC98-346B-02E6-75CD-335F77A6C181}"
EndProject
Global
	GlobalSection(SolutionConfigurationPlatforms) = preSolution
		Debug|Any CPU = Debug|Any CPU
		Release|Any CPU = Release|Any CPU
	EndGlobalSection
	GlobalSection(ProjectConfigurationPlatforms) = postSolution
		{041FB15E-8B5C-E0D3-118E-C534C3713BFE}.Debug|Any CPU.ActiveCfg = Debug|Any CPU
		{041FB15E-8B5C-E0D3-118E-C534C3713BFE}.Debug|Any CPU.Build.0 = Debug|Any CPU
		{041FB15E-8B5C-E0D3-118E-C534C3713BFE}.Release|Any CPU.ActiveCfg = Release|Any CPU
		{041FB15E-8B5C-E0D3-118E-C534C3713BFE}.Release|Any CPU.Build.0 = Release|Any CPU
		{47E8FE23-BBCF-1805-1038-6E88345E775F}.Debug|Any CPU.ActiveCfg = Debug|Any CPU
		{47E8FE23-BBCF-1805-1038-6E88345E775F}.Debug|Any CPU.Build.0 = Debug|Any CPU
		{47E8FE23-BBCF-1805-1038-6E88345E775F}.Release|Any CPU.ActiveCfg = Release|Any CPU
		{47E8FE23-BBCF-1805-1038-6E88345E775F}.Release|Any CPU.Build.0 = Release|Any CPU
		{48646FA2-FAD5-4728-B37B-2E9A722ACA4D}.Debug|Any CPU.ActiveCfg = Debug|Any CPU
		{48646FA2-FAD5-4728-B37B-2E9A722ACA4D}.Debug|Any CPU.Build.0 = Debug|Any CPU
		{48646FA2-FAD5-4728-B37B-2E9A722ACA4D}.Release|Any CPU.ActiveCfg = Release|Any CPU
		{48646FA2-FAD5-4728-B37B-2E9A722ACA4D}.Release|Any CPU.Build.0 = Release|Any CPU
		{5732DC98-346B-02E6-75CD-335F77A6C181}.Debug|Any CPU.ActiveCfg = Debug|Any CPU
		{5732DC98-346B-02E6-75CD-335F77A6C181}.Debug|Any CPU.Build.0 = Debug|Any CPU
		{5732DC98-346B-02E6-75CD-335F77A6C181}.Release|Any CPU.ActiveCfg = Release|Any CPU
		{5732DC98-346B-02E6-75CD-335F77A6C181}.Release|Any CPU.Build.0 = Release|Any CPU
	EndGlobalSection
	GlobalSection(SolutionProperties) = preSolution
		HideSolutionNode = FALSE
	EndGlobalSection
	GlobalSection(ExtensibilityGlobals) = postSolution
		SolutionGuid = {BB31048C-03FC-4730-90D3-A5A94CEB7246}
	EndGlobalSection
EndGlobal
